
Microsoft Visual Studio Solution File, Format Version 12.00
# Visual Studio Version 16
VisualStudioVersion = 16.0.29409.12
MinimumVisualStudioVersion = 10.0.40219.1
Project("{FAE04EC0-301F-11D3-BF4B-00C04F79EFBC}") = "5", "5\5.csproj", "{5C080AD9-CAAB-4D0A-B964-8005A845BEE6}"
EndProject
Global
	GlobalSection(SolutionConfigurationPlatforms) = preSolution
		Debug|Any CPU = Debug|Any CPU
		Release|Any CPU = Release|Any CPU
	EndGlobalSection
	GlobalSection(ProjectConfigurationPlatforms) = postSolution
		{5C080AD9-CAAB-4D0A-B964-8005A845BEE6}.Debug|Any CPU.ActiveCfg = Debug|Any CPU
		{5C080AD9-CAAB-4D0A-B964-8005A845BEE6}.Debug|Any CPU.Build.0 = Debug|Any CPU
		{5C080AD9-CAAB-4D0A-B964-8005A845BEE6}.Release|Any CPU.ActiveCfg = Release|Any CPU
		{5C080AD9-CAAB-4D0A-B964-8005A845BEE6}.Release|Any CPU.Build.0 = Release|Any CPU
	EndGlobalSection
	GlobalSection(SolutionProperties) = preSolution
		HideSolutionNode = FALSE
	EndGlobalSection
	GlobalSection(ExtensibilityGlobals) = postSolution
		SolutionGuid = {72E3F235-3FCD-4213-B21F-F41FE9CF88E9}
	EndGlobalSection
EndGlobal
